# This file was autogenerated by Stack.
# You should not edit this file by hand.
# For more information, please see the documentation at:
#   https://docs.haskellstack.org/en/stable/lock_files

packages:
- completed:
    hackage: open-union-0.4.0.0@sha256:1c8f8090054b0974e95e44bed88e74fff956ba2120aade6e8deea92d65ef5e49,3503
    pantry-tree:
      size: 329
      sha256: e01838ec41f7aa2a97aa2c3586c8188c4ad093ba0b2be41229ab7b8dbd33869e
  original:
    hackage: open-union-0.4.0.0@sha256:1c8f8090054b0974e95e44bed88e74fff956ba2120aade6e8deea92d65ef5e49,3503
- completed:
    hackage: servant-multipart-0.12@sha256:aa81dd0478270ade4a21b75611d5bc9cce8107df2e89c37b9964a3421629825d,2761
    pantry-tree:
      size: 386
      sha256: 51c4e9e8be3ee80689bb6df46aee484a4f434dbeb33f4379ed8d1741fe4631cd
  original:
    hackage: servant-multipart-0.12@sha256:aa81dd0478270ade4a21b75611d5bc9cce8107df2e89c37b9964a3421629825d,2761
- completed:
    hackage: deriving-aeson-0.2.6.1@sha256:bd7930b334afab3eb53dcdd5e1e820ec878917a8215d6f80be05bc485df8e0be,1279
    pantry-tree:
      size: 441
      sha256: 02e0991b6baf47010f1e693b77e29bfead64537a6b3aec890ebee066aa76ab12
  original:
    hackage: deriving-aeson-0.2.6.1@sha256:bd7930b334afab3eb53dcdd5e1e820ec878917a8215d6f80be05bc485df8e0be,1279
- completed:
    hackage: type-fun-0.1.2@sha256:c08422f9f9b326778d43063bc4dd3069cec336e15082b274953f3800d766b147,1736
    pantry-tree:
      size: 583
      sha256: 1240e7bf2820c06d28a910909d2a6f034ec2fd88ce44822eb418a78ae90825af
  original:
    hackage: type-fun-0.1.2@sha256:c08422f9f9b326778d43063bc4dd3069cec336e15082b274953f3800d766b147,1736
snapshots:
- completed:
    size: 491389
    url: https://raw.githubusercontent.com/commercialhaskell/stackage-snapshots/master/lts/15/7.yaml
    sha256: 92ab6303fe20ec928461c82ce0980b4d17c06f4e66205a2967e476474f686c17
  original: lts-15.7
