# This file was autogenerated by Stack.
# You should not edit this file by hand.
# For more information, please see the documentation at:
#   https://docs.haskellstack.org/en/stable/lock_files

packages:
- completed:
    hackage: open-union-0.4.0.0@sha256:1c8f8090054b0974e95e44bed88e74fff956ba2120aade6e8deea92d65ef5e49,3503
    pantry-tree:
      size: 329
      sha256: e01838ec41f7aa2a97aa2c3586c8188c4ad093ba0b2be41229ab7b8dbd33869e
  original:
    hackage: open-union-0.4.0.0@sha256:1c8f8090054b0974e95e44bed88e74fff956ba2120aade6e8deea92d65ef5e49,3503
- completed:
    hackage: servant-multipart-0.12@sha256:aa81dd0478270ade4a21b75611d5bc9cce8107df2e89c37b9964a3421629825d,2761
    pantry-tree:
      size: 386
      sha256: 51c4e9e8be3ee80689bb6df46aee484a4f434dbeb33f4379ed8d1741fe4631cd
  original:
    hackage: servant-multipart-0.12@sha256:aa81dd0478270ade4a21b75611d5bc9cce8107df2e89c37b9964a3421629825d,2761
- completed:
    hackage: deriving-aeson-0.2.6.1@sha256:bd7930b334afab3eb53dcdd5e1e820ec878917a8215d6f80be05bc485df8e0be,1279
    pantry-tree:
      size: 441
      sha256: 02e0991b6baf47010f1e693b77e29bfead64537a6b3aec890ebee066aa76ab12
  original:
    hackage: deriving-aeson-0.2.6.1@sha256:bd7930b334afab3eb53dcdd5e1e820ec878917a8215d6f80be05bc485df8e0be,1279
- completed:
    size: 5775
    url: https://github.com/enobayram/type-fun/archive/35bda1ea0176b1a92f8e96e5cd0efa9dbc4d7e7c.tar.gz
    name: type-fun
    version: 0.1.2
    sha256: 3eebb09159b162a668f15ee91909088ec138b7125d5bd2fb672b458b73f89d20
    pantry-tree:
      size: 736
      sha256: 4be2b7a4fdbe6632a4938c8137073c9d66a7ccf8d0ced058373197c335f44018
  original:
    url: https://github.com/enobayram/type-fun/archive/35bda1ea0176b1a92f8e96e5cd0efa9dbc4d7e7c.tar.gz
snapshots:
- completed:
    size: 567241
    url: https://raw.githubusercontent.com/commercialhaskell/stackage-snapshots/master/lts/17/10.yaml
    sha256: 321b3b9f0c7f76994b39e0dabafdc76478274b4ff74cc5e43d410897a335ad3b
  original: lts-17.10
